// !$*UTF8*$!
{
	archiveVersion = 1;
	classes = {
	};
	objectVersion = 50;
	objects = {

/* Begin PBXBuildFile section */
		D61371902423FDB1005D39AC /* AppDelegate.swift in Sources */ = {isa = PBXBuildFile; fileRef = D613718F2423FDB1005D39AC /* AppDelegate.swift */; };
		D61371922423FDB1005D39AC /* SceneDelegate.swift in Sources */ = {isa = PBXBuildFile; fileRef = D61371912423FDB1005D39AC /* SceneDelegate.swift */; };
		D61371942423FDB1005D39AC /* ViewController.swift in Sources */ = {isa = PBXBuildFile; fileRef = D61371932423FDB1005D39AC /* ViewController.swift */; };
		D61371972423FDB1005D39AC /* Main.storyboard in Resources */ = {isa = PBXBuildFile; fileRef = D61371952423FDB1005D39AC /* Main.storyboard */; };
		D61371992423FDB9005D39AC /* Assets.xcassets in Resources */ = {isa = PBXBuildFile; fileRef = D61371982423FDB9005D39AC /* Assets.xcassets */; };
		D613719C2423FDB9005D39AC /* LaunchScreen.storyboard in Resources */ = {isa = PBXBuildFile; fileRef = D613719A2423FDB9005D39AC /* LaunchScreen.storyboard */; };
		D61371A72423FDB9005D39AC /* IsItPrimeTests.swift in Sources */ = {isa = PBXBuildFile; fileRef = D61371A62423FDB9005D39AC /* IsItPrimeTests.swift */; };
		D61371B22423FDB9005D39AC /* IsItPrimeUITests.swift in Sources */ = {isa = PBXBuildFile; fileRef = D61371B12423FDB9005D39AC /* IsItPrimeUITests.swift */; };
/* End PBXBuildFile section */

/* Begin PBXContainerItemProxy section */
		D61371A32423FDB9005D39AC /* PBXContainerItemProxy */ = {
			isa = PBXContainerItemProxy;
			containerPortal = D61371842423FDB1005D39AC /* Project object */;
			proxyType = 1;
			remoteGlobalIDString = D613718B2423FDB1005D39AC;
			remoteInfo = IsItPrime;
		};
		D61371AE2423FDB9005D39AC /* PBXContainerItemProxy */ = {
			isa = PBXContainerItemProxy;
			containerPortal = D61371842423FDB1005D39AC /* Project object */;
			proxyType = 1;
			remoteGlobalIDString = D613718B2423FDB1005D39AC;
			remoteInfo = IsItPrime;
		};
/* End PBXContainerItemProxy section */

/* Begin PBXFileReference section */
		D613718C2423FDB1005D39AC /* IsItPrime.app */ = {isa = PBXFileReference; explicitFileType = wrapper.application; includeInIndex = 0; path = IsItPrime.app; sourceTree = BUILT_PRODUCTS_DIR; };
		D613718F2423FDB1005D39AC /* AppDelegate.swift */ = {isa = PBXFileReference; lastKnownFileType = sourcecode.swift; path = AppDelegate.swift; sourceTree = "<group>"; };
		D61371912423FDB1005D39AC /* SceneDelegate.swift */ = {isa = PBXFileReference; lastKnownFileType = sourcecode.swift; path = SceneDelegate.swift; sourceTree = "<group>"; };
		D61371932423FDB1005D39AC /* ViewController.swift */ = {isa = PBXFileReference; lastKnownFileType = sourcecode.swift; path = ViewController.swift; sourceTree = "<group>"; };
		D61371962423FDB1005D39AC /* Base */ = {isa = PBXFileReference; lastKnownFileType = file.storyboard; name = Base; path = Base.lproj/Main.storyboard; sourceTree = "<group>"; };
		D61371982423FDB9005D39AC /* Assets.xcassets */ = {isa = PBXFileReference; lastKnownFileType = folder.assetcatalog; path = Assets.xcassets; sourceTree = "<group>"; };
		D613719B2423FDB9005D39AC /* Base */ = {isa = PBXFileReference; lastKnownFileType = file.storyboard; name = Base; path = Base.lproj/LaunchScreen.storyboard; sourceTree = "<group>"; };
		D613719D2423FDB9005D39AC /* Info.plist */ = {isa = PBXFileReference; lastKnownFileType = text.plist.xml; path = Info.plist; sourceTree = "<group>"; };
		D61371A22423FDB9005D39AC /* IsItPrimeTests.xctest */ = {isa = PBXFileReference; explicitFileType = wrapper.cfbundle; includeInIndex = 0; path = IsItPrimeTests.xctest; sourceTree = BUILT_PRODUCTS_DIR; };
		D61371A62423FDB9005D39AC /* IsItPrimeTests.swift */ = {isa = PBXFileReference; lastKnownFileType = sourcecode.swift; path = IsItPrimeTests.swift; sourceTree = "<group>"; };
		D61371A82423FDB9005D39AC /* Info.plist */ = {isa = PBXFileReference; lastKnownFileType = text.plist.xml; path = Info.plist; sourceTree = "<group>"; };
		D61371AD2423FDB9005D39AC /* IsItPrimeUITests.xctest */ = {isa = PBXFileReference; explicitFileType = wrapper.cfbundle; includeInIndex = 0; path = IsItPrimeUITests.xctest; sourceTree = BUILT_PRODUCTS_DIR; };
		D61371B12423FDB9005D39AC /* IsItPrimeUITests.swift */ = {isa = PBXFileReference; lastKnownFileType = sourcecode.swift; path = IsItPrimeUITests.swift; sourceTree = "<group>"; };
		D61371B32423FDB9005D39AC /* Info.plist */ = {isa = PBXFileReference; lastKnownFileType = text.plist.xml; path = Info.plist; sourceTree = "<group>"; };
/* End PBXFileReference section */

/* Begin PBXFrameworksBuildPhase section */
		D61371892423FDB1005D39AC /* Frameworks */ = {
			isa = PBXFrameworksBuildPhase;
			buildActionMask = 2147483647;
			files = (
			);
			runOnlyForDeploymentPostprocessing = 0;
		};
		D613719F2423FDB9005D39AC /* Frameworks */ = {
			isa = PBXFrameworksBuildPhase;
			buildActionMask = 2147483647;
			files = (
			);
			runOnlyForDeploymentPostprocessing = 0;
		};
		D61371AA2423FDB9005D39AC /* Frameworks */ = {
			isa = PBXFrameworksBuildPhase;
			buildActionMask = 2147483647;
			files = (
			);
			runOnlyForDeploymentPostprocessing = 0;
		};
/* End PBXFrameworksBuildPhase section */

/* Begin PBXGroup section */
		D61371832423FDB1005D39AC = {
			isa = PBXGroup;
			children = (
				D613718E2423FDB1005D39AC /* IsItPrime */,
				D61371A52423FDB9005D39AC /* IsItPrimeTests */,
				D61371B02423FDB9005D39AC /* IsItPrimeUITests */,
				D613718D2423FDB1005D39AC /* Products */,
			);
			sourceTree = "<group>";
		};
		D613718D2423FDB1005D39AC /* Products */ = {
			isa = PBXGroup;
			children = (
				D613718C2423FDB1005D39AC /* IsItPrime.app */,
				D61371A22423FDB9005D39AC /* IsItPrimeTests.xctest */,
				D61371AD2423FDB9005D39AC /* IsItPrimeUITests.xctest */,
			);
			name = Products;
			sourceTree = "<group>";
		};
		D613718E2423FDB1005D39AC /* IsItPrime */ = {
			isa = PBXGroup;
			children = (
				D613718F2423FDB1005D39AC /* AppDelegate.swift */,
				D61371912423FDB1005D39AC /* SceneDelegate.swift */,
				D61371932423FDB1005D39AC /* ViewController.swift */,
				D61371952423FDB1005D39AC /* Main.storyboard */,
				D61371982423FDB9005D39AC /* Assets.xcassets */,
				D613719A2423FDB9005D39AC /* LaunchScreen.storyboard */,
				D613719D2423FDB9005D39AC /* Info.plist */,
			);
			path = IsItPrime;
			sourceTree = "<group>";
		};
		D61371A52423FDB9005D39AC /* IsItPrimeTests */ = {
			isa = PBXGroup;
			children = (
				D61371A62423FDB9005D39AC /* IsItPrimeTests.swift */,
				D61371A82423FDB9005D39AC /* Info.plist */,
			);
			path = IsItPrimeTests;
			sourceTree = "<group>";
		};
		D61371B02423FDB9005D39AC /* IsItPrimeUITests */ = {
			isa = PBXGroup;
			children = (
				D61371B12423FDB9005D39AC /* IsItPrimeUITests.swift */,
				D61371B32423FDB9005D39AC /* Info.plist */,
			);
			path = IsItPrimeUITests;
			sourceTree = "<group>";
		};
/* End PBXGroup section */

/* Begin PBXNativeTarget section */
		D613718B2423FDB1005D39AC /* IsItPrime */ = {
			isa = PBXNativeTarget;
			buildConfigurationList = D61371B62423FDB9005D39AC /* Build configuration list for PBXNativeTarget "IsItPrime" */;
			buildPhases = (
				D61371882423FDB1005D39AC /* Sources */,
				D61371892423FDB1005D39AC /* Frameworks */,
				D613718A2423FDB1005D39AC /* Resources */,
			);
			buildRules = (
			);
			dependencies = (
			);
			name = IsItPrime;
			productName = IsItPrime;
			productReference = D613718C2423FDB1005D39AC /* IsItPrime.app */;
			productType = "com.apple.product-type.application";
		};
		D61371A12423FDB9005D39AC /* IsItPrimeTests */ = {
			isa = PBXNativeTarget;
			buildConfigurationList = D61371B92423FDB9005D39AC /* Build configuration list for PBXNativeTarget "IsItPrimeTests" */;
			buildPhases = (
				D613719E2423FDB9005D39AC /* Sources */,
				D613719F2423FDB9005D39AC /* Frameworks */,
				D61371A02423FDB9005D39AC /* Resources */,
			);
			buildRules = (
			);
			dependencies = (
				D61371A42423FDB9005D39AC /* PBXTargetDependency */,
			);
			name = IsItPrimeTests;
			productName = IsItPrimeTests;
			productReference = D61371A22423FDB9005D39AC /* IsItPrimeTests.xctest */;
			productType = "com.apple.product-type.bundle.unit-test";
		};
		D61371AC2423FDB9005D39AC /* IsItPrimeUITests */ = {
			isa = PBXNativeTarget;
			buildConfigurationList = D61371BC2423FDB9005D39AC /* Build configuration list for PBXNativeTarget "IsItPrimeUITests" */;
			buildPhases = (
				D61371A92423FDB9005D39AC /* Sources */,
				D61371AA2423FDB9005D39AC /* Frameworks */,
				D61371AB2423FDB9005D39AC /* Resources */,
			);
			buildRules = (
			);
			dependencies = (
				D61371AF2423FDB9005D39AC /* PBXTargetDependency */,
			);
			name = IsItPrimeUITests;
			productName = IsItPrimeUITests;
			productReference = D61371AD2423FDB9005D39AC /* IsItPrimeUITests.xctest */;
			productType = "com.apple.product-type.bundle.ui-testing";
		};
/* End PBXNativeTarget section */

/* Begin PBXProject section */
		D61371842423FDB1005D39AC /* Project object */ = {
			isa = PBXProject;
			attributes = {
				LastSwiftUpdateCheck = 1130;
				LastUpgradeCheck = 1130;
				ORGANIZATIONNAME = "Isis Decrem";
				TargetAttributes = {
					D613718B2423FDB1005D39AC = {
						CreatedOnToolsVersion = 11.3.1;
					};
					D61371A12423FDB9005D39AC = {
						CreatedOnToolsVersion = 11.3.1;
						TestTargetID = D613718B2423FDB1005D39AC;
					};
					D61371AC2423FDB9005D39AC = {
						CreatedOnToolsVersion = 11.3.1;
						TestTargetID = D613718B2423FDB1005D39AC;
					};
				};
			};
			buildConfigurationList = D61371872423FDB1005D39AC /* Build configuration list for PBXProject "IsItPrime" */;
			compatibilityVersion = "Xcode 9.3";
			developmentRegion = en;
			hasScannedForEncodings = 0;
			knownRegions = (
				en,
				Base,
			);
			mainGroup = D61371832423FDB1005D39AC;
			productRefGroup = D613718D2423FDB1005D39AC /* Products */;
			projectDirPath = "";
			projectRoot = "";
			targets = (
				D613718B2423FDB1005D39AC /* IsItPrime */,
				D61371A12423FDB9005D39AC /* IsItPrimeTests */,
				D61371AC2423FDB9005D39AC /* IsItPrimeUITests */,
			);
		};
/* End PBXProject section */

/* Begin PBXResourcesBuildPhase section */
		D613718A2423FDB1005D39AC /* Resources */ = {
			isa = PBXResourcesBuildPhase;
			buildActionMask = 2147483647;
			files = (
				D613719C2423FDB9005D39AC /* LaunchScreen.storyboard in Resources */,
				D61371992423FDB9005D39AC /* Assets.xcassets in Resources */,
				D61371972423FDB1005D39AC /* Main.storyboard in Resources */,
			);
			runOnlyForDeploymentPostprocessing = 0;
		};
		D61371A02423FDB9005D39AC /* Resources */ = {
			isa = PBXResourcesBuildPhase;
			buildActionMask = 2147483647;
			files = (
			);
			runOnlyForDeploymentPostprocessing = 0;
		};
		D61371AB2423FDB9005D39AC /* Resources */ = {
			isa = PBXResourcesBuildPhase;
			buildActionMask = 2147483647;
			files = (
			);
			runOnlyForDeploymentPostprocessing = 0;
		};
/* End PBXResourcesBuildPhase section */

/* Begin PBXSourcesBuildPhase section */
		D61371882423FDB1005D39AC /* Sources */ = {
			isa = PBXSourcesBuildPhase;
			buildActionMask = 2147483647;
			files = (
				D61371942423FDB1005D39AC /* ViewController.swift in Sources */,
				D61371902423FDB1005D39AC /* AppDelegate.swift in Sources */,
				D61371922423FDB1005D39AC /* SceneDelegate.swift in Sources */,
			);
			runOnlyForDeploymentPostprocessing = 0;
		};
		D613719E2423FDB9005D39AC /* Sources */ = {
			isa = PBXSourcesBuildPhase;
			buildActionMask = 2147483647;
			files = (
				D61371A72423FDB9005D39AC /* IsItPrimeTests.swift in Sources */,
			);
			runOnlyForDeploymentPostprocessing = 0;
		};
		D61371A92423FDB9005D39AC /* Sources */ = {
			isa = PBXSourcesBuildPhase;
			buildActionMask = 2147483647;
			files = (
				D61371B22423FDB9005D39AC /* IsItPrimeUITests.swift in Sources */,
			);
			runOnlyForDeploymentPostprocessing = 0;
		};
/* End PBXSourcesBuildPhase section */

/* Begin PBXTargetDependency section */
		D61371A42423FDB9005D39AC /* PBXTargetDependency */ = {
			isa = PBXTargetDependency;
			target = D613718B2423FDB1005D39AC /* IsItPrime */;
			targetProxy = D61371A32423FDB9005D39AC /* PBXContainerItemProxy */;
		};
		D61371AF2423FDB9005D39AC /* PBXTargetDependency */ = {
			isa = PBXTargetDependency;
			target = D613718B2423FDB1005D39AC /* IsItPrime */;
			targetProxy = D61371AE2423FDB9005D39AC /* PBXContainerItemProxy */;
		};
/* End PBXTargetDependency section */

/* Begin PBXVariantGroup section */
		D61371952423FDB1005D39AC /* Main.storyboard */ = {
			isa = PBXVariantGroup;
			children = (
				D61371962423FDB1005D39AC /* Base */,
			);
			name = Main.storyboard;
			sourceTree = "<group>";
		};
		D613719A2423FDB9005D39AC /* LaunchScreen.storyboard */ = {
			isa = PBXVariantGroup;
			children = (
				D613719B2423FDB9005D39AC /* Base */,
			);
			name = LaunchScreen.storyboard;
			sourceTree = "<group>";
		};
/* End PBXVariantGroup section */

/* Begin XCBuildConfiguration section */
		D61371B42423FDB9005D39AC /* Debug */ = {
			isa = XCBuildConfiguration;
			buildSettings = {
				ALWAYS_SEARCH_USER_PATHS = NO;
				CLANG_ANALYZER_NONNULL = YES;
				CLANG_ANALYZER_NUMBER_OBJECT_CONVERSION = YES_AGGRESSIVE;
				CLANG_CXX_LANGUAGE_STANDARD = "gnu++14";
				CLANG_CXX_LIBRARY = "libc++";
				CLANG_ENABLE_MODULES = YES;
				CLANG_ENABLE_OBJC_ARC = YES;
				CLANG_ENABLE_OBJC_WEAK = YES;
				CLANG_WARN_BLOCK_CAPTURE_AUTORELEASING = YES;
				CLANG_WARN_BOOL_CONVERSION = YES;
				CLANG_WARN_COMMA = YES;
				CLANG_WARN_CONSTANT_CONVERSION = YES;
				CLANG_WARN_DEPRECATED_OBJC_IMPLEMENTATIONS = YES;
				CLANG_WARN_DIRECT_OBJC_ISA_USAGE = YES_ERROR;
				CLANG_WARN_DOCUMENTATION_COMMENTS = YES;
				CLANG_WARN_EMPTY_BODY = YES;
				CLANG_WARN_ENUM_CONVERSION = YES;
				CLANG_WARN_INFINITE_RECURSION = YES;
				CLANG_WARN_INT_CONVERSION = YES;
				CLANG_WARN_NON_LITERAL_NULL_CONVERSION = YES;
				CLANG_WARN_OBJC_IMPLICIT_RETAIN_SELF = YES;
				CLANG_WARN_OBJC_LITERAL_CONVERSION = YES;
				CLANG_WARN_OBJC_ROOT_CLASS = YES_ERROR;
				CLANG_WARN_RANGE_LOOP_ANALYSIS = YES;
				CLANG_WARN_STRICT_PROTOTYPES = YES;
				CLANG_WARN_SUSPICIOUS_MOVE = YES;
				CLANG_WARN_UNGUARDED_AVAILABILITY = YES_AGGRESSIVE;
				CLANG_WARN_UNREACHABLE_CODE = YES;
				CLANG_WARN__DUPLICATE_METHOD_MATCH = YES;
				COPY_PHASE_STRIP = NO;
				DEBUG_INFORMATION_FORMAT = dwarf;
				ENABLE_STRICT_OBJC_MSGSEND = YES;
				ENABLE_TESTABILITY = YES;
				GCC_C_LANGUAGE_STANDARD = gnu11;
				GCC_DYNAMIC_NO_PIC = NO;
				GCC_NO_COMMON_BLOCKS = YES;
				GCC_OPTIMIZATION_LEVEL = 0;
				GCC_PREPROCESSOR_DEFINITIONS = (
					"DEBUG=1",
					"$(inherited)",
				);
				GCC_WARN_64_TO_32_BIT_CONVERSION = YES;
				GCC_WARN_ABOUT_RETURN_TYPE = YES_ERROR;
				GCC_WARN_UNDECLARED_SELECTOR = YES;
				GCC_WARN_UNINITIALIZED_AUTOS = YES_AGGRESSIVE;
				GCC_WARN_UNUSED_FUNCTION = YES;
				GCC_WARN_UNUSED_VARIABLE = YES;
				IPHONEOS_DEPLOYMENT_TARGET = 13.2;
				MTL_ENABLE_DEBUG_INFO = INCLUDE_SOURCE;
				MTL_FAST_MATH = YES;
				ONLY_ACTIVE_ARCH = YES;
				SDKROOT = iphoneos;
				SWIFT_ACTIVE_COMPILATION_CONDITIONS = DEBUG;
				SWIFT_OPTIMIZATION_LEVEL = "-Onone";
			};
			name = Debug;
		};
		D61371B52423FDB9005D39AC /* Release */ = {
			isa = XCBuildConfiguration;
			buildSettings = {
				ALWAYS_SEARCH_USER_PATHS = NO;
				CLANG_ANALYZER_NONNULL = YES;
				CLANG_ANALYZER_NUMBER_OBJECT_CONVERSION = YES_AGGRESSIVE;
				CLANG_CXX_LANGUAGE_STANDARD = "gnu++14";
				CLANG_CXX_LIBRARY = "libc++";
				CLANG_ENABLE_MODULES = YES;
				CLANG_ENABLE_OBJC_ARC = YES;
				CLANG_ENABLE_OBJC_WEAK = YES;
				CLANG_WARN_BLOCK_CAPTURE_AUTORELEASING = YES;
				CLANG_WARN_BOOL_CONVERSION = YES;
				CLANG_WARN_COMMA = YES;
				CLANG_WARN_CONSTANT_CONVERSION = YES;
				CLANG_WARN_DEPRECATED_OBJC_IMPLEMENTATIONS = YES;
				CLANG_WARN_DIRECT_OBJC_ISA_USAGE = YES_ERROR;
				CLANG_WARN_DOCUMENTATION_COMMENTS = YES;
				CLANG_WARN_EMPTY_BODY = YES;
				CLANG_WARN_ENUM_CONVERSION = YES;
				CLANG_WARN_INFINITE_RECURSION = YES;
				CLANG_WARN_INT_CONVERSION = YES;
				CLANG_WARN_NON_LITERAL_NULL_CONVERSION = YES;
				CLANG_WARN_OBJC_IMPLICIT_RETAIN_SELF = YES;
				CLANG_WARN_OBJC_LITERAL_CONVERSION = YES;
				CLANG_WARN_OBJC_ROOT_CLASS = YES_ERROR;
				CLANG_WARN_RANGE_LOOP_ANALYSIS = YES;
				CLANG_WARN_STRICT_PROTOTYPES = YES;
				CLANG_WARN_SUSPICIOUS_MOVE = YES;
				CLANG_WARN_UNGUARDED_AVAILABILITY = YES_AGGRESSIVE;
				CLANG_WARN_UNREACHABLE_CODE = YES;
				CLANG_WARN__DUPLICATE_METHOD_MATCH = YES;
				COPY_PHASE_STRIP = NO;
				DEBUG_INFORMATION_FORMAT = "dwarf-with-dsym";
				ENABLE_NS_ASSERTIONS = NO;
				ENABLE_STRICT_OBJC_MSGSEND = YES;
				GCC_C_LANGUAGE_STANDARD = gnu11;
				GCC_NO_COMMON_BLOCKS = YES;
				GCC_WARN_64_TO_32_BIT_CONVERSION = YES;
				GCC_WARN_ABOUT_RETURN_TYPE = YES_ERROR;
				GCC_WARN_UNDECLARED_SELECTOR = YES;
				GCC_WARN_UNINITIALIZED_AUTOS = YES_AGGRESSIVE;
				GCC_WARN_UNUSED_FUNCTION = YES;
				GCC_WARN_UNUSED_VARIABLE = YES;
				IPHONEOS_DEPLOYMENT_TARGET = 13.2;
				MTL_ENABLE_DEBUG_INFO = NO;
				MTL_FAST_MATH = YES;
				SDKROOT = iphoneos;
				SWIFT_COMPILATION_MODE = wholemodule;
				SWIFT_OPTIMIZATION_LEVEL = "-O";
				VALIDATE_PRODUCT = YES;
			};
			name = Release;
		};
		D61371B72423FDB9005D39AC /* Debug */ = {
			isa = XCBuildConfiguration;
			buildSettings = {
				ASSETCATALOG_COMPILER_APPICON_NAME = AppIcon;
				CODE_SIGN_STYLE = Automatic;
				INFOPLIST_FILE = IsItPrime/Info.plist;
				LD_RUNPATH_SEARCH_PATHS = (
					"$(inherited)",
					"@executable_path/Frameworks",
				);
				PRODUCT_BUNDLE_IDENTIFIER = decrem.IsItPrime;
				PRODUCT_NAME = "$(TARGET_NAME)";
				SWIFT_VERSION = 5.0;
				TARGETED_DEVICE_FAMILY = "1,2";
			};
			name = Debug;
		};
		D61371B82423FDB9005D39AC /* Release */ = {
			isa = XCBuildConfiguration;
			buildSettings = {
				ASSETCATALOG_COMPILER_APPICON_NAME = AppIcon;
				CODE_SIGN_STYLE = Automatic;
				INFOPLIST_FILE = IsItPrime/Info.plist;
				LD_RUNPATH_SEARCH_PATHS = (
					"$(inherited)",
					"@executable_path/Frameworks",
				);
				PRODUCT_BUNDLE_IDENTIFIER = decrem.IsItPrime;
				PRODUCT_NAME = "$(TARGET_NAME)";
				SWIFT_VERSION = 5.0;
				TARGETED_DEVICE_FAMILY = "1,2";
			};
			name = Release;
		};
		D61371BA2423FDB9005D39AC /* Debug */ = {
			isa = XCBuildConfiguration;
			buildSettings = {
				ALWAYS_EMBED_SWIFT_STANDARD_LIBRARIES = YES;
				BUNDLE_LOADER = "$(TEST_HOST)";
				CODE_SIGN_STYLE = Automatic;
				INFOPLIST_FILE = IsItPrimeTests/Info.plist;
				IPHONEOS_DEPLOYMENT_TARGET = 13.2;
				LD_RUNPATH_SEARCH_PATHS = (
					"$(inherited)",
					"@executable_path/Frameworks",
					"@loader_path/Frameworks",
				);
				PRODUCT_BUNDLE_IDENTIFIER = decrem.IsItPrimeTests;
				PRODUCT_NAME = "$(TARGET_NAME)";
				SWIFT_VERSION = 5.0;
				TARGETED_DEVICE_FAMILY = "1,2";
				TEST_HOST = "$(BUILT_PRODUCTS_DIR)/IsItPrime.app/IsItPrime";
			};
			name = Debug;
		};
		D61371BB2423FDB9005D39AC /* Release */ = {
			isa = XCBuildConfiguration;
			buildSettings = {
				ALWAYS_EMBED_SWIFT_STANDARD_LIBRARIES = YES;
				BUNDLE_LOADER = "$(TEST_HOST)";
				CODE_SIGN_STYLE = Automatic;
				INFOPLIST_FILE = IsItPrimeTests/Info.plist;
				IPHONEOS_DEPLOYMENT_TARGET = 13.2;
				LD_RUNPATH_SEARCH_PATHS = (
					"$(inherited)",
					"@executable_path/Frameworks",
					"@loader_path/Frameworks",
				);
				PRODUCT_BUNDLE_IDENTIFIER = decrem.IsItPrimeTests;
				PRODUCT_NAME = "$(TARGET_NAME)";
				SWIFT_VERSION = 5.0;
				TARGETED_DEVICE_FAMILY = "1,2";
				TEST_HOST = "$(BUILT_PRODUCTS_DIR)/IsItPrime.app/IsItPrime";
			};
			name = Release;
		};
		D61371BD2423FDB9005D39AC /* Debug */ = {
			isa = XCBuildConfiguration;
			buildSettings = {
				ALWAYS_EMBED_SWIFT_STANDARD_LIBRARIES = YES;
				CODE_SIGN_STYLE = Automatic;
				INFOPLIST_FILE = IsItPrimeUITests/Info.plist;
				LD_RUNPATH_SEARCH_PATHS = (
					"$(inherited)",
					"@executable_path/Frameworks",
					"@loader_path/Frameworks",
				);
				PRODUCT_BUNDLE_IDENTIFIER = decrem.IsItPrimeUITests;
				PRODUCT_NAME = "$(TARGET_NAME)";
				SWIFT_VERSION = 5.0;
				TARGETED_DEVICE_FAMILY = "1,2";
				TEST_TARGET_NAME = IsItPrime;
			};
			name = Debug;
		};
		D61371BE2423FDB9005D39AC /* Release */ = {
			isa = XCBuildConfiguration;
			buildSettings = {
				ALWAYS_EMBED_SWIFT_STANDARD_LIBRARIES = YES;
				CODE_SIGN_STYLE = Automatic;
				INFOPLIST_FILE = IsItPrimeUITests/Info.plist;
				LD_RUNPATH_SEARCH_PATHS = (
					"$(inherited)",
					"@executable_path/Frameworks",
					"@loader_path/Frameworks",
				);
				PRODUCT_BUNDLE_IDENTIFIER = decrem.IsItPrimeUITests;
				PRODUCT_NAME = "$(TARGET_NAME)";
				SWIFT_VERSION = 5.0;
				TARGETED_DEVICE_FAMILY = "1,2";
				TEST_TARGET_NAME = IsItPrime;
			};
			name = Release;
		};
/* End XCBuildConfiguration section */

/* Begin XCConfigurationList section */
		D61371872423FDB1005D39AC /* Build configuration list for PBXProject "IsItPrime" */ = {
			isa = XCConfigurationList;
			buildConfigurations = (
				D61371B42423FDB9005D39AC /* Debug */,
				D61371B52423FDB9005D39AC /* Release */,
			);
			defaultConfigurationIsVisible = 0;
			defaultConfigurationName = Release;
		};
		D61371B62423FDB9005D39AC /* Build configuration list for PBXNativeTarget "IsItPrime" */ = {
			isa = XCConfigurationList;
			buildConfigurations = (
				D61371B72423FDB9005D39AC /* Debug */,
				D61371B82423FDB9005D39AC /* Release */,
			);
			defaultConfigurationIsVisible = 0;
			defaultConfigurationName = Release;
		};
		D61371B92423FDB9005D39AC /* Build configuration list for PBXNativeTarget "IsItPrimeTests" */ = {
			isa = XCConfigurationList;
			buildConfigurations = (
				D61371BA2423FDB9005D39AC /* Debug */,
				D61371BB2423FDB9005D39AC /* Release */,
			);
			defaultConfigurationIsVisible = 0;
			defaultConfigurationName = Release;
		};
		D61371BC2423FDB9005D39AC /* Build configuration list for PBXNativeTarget "IsItPrimeUITests" */ = {
			isa = XCConfigurationList;
			buildConfigurations = (
				D61371BD2423FDB9005D39AC /* Debug */,
				D61371BE2423FDB9005D39AC /* Release */,
			);
			defaultConfigurationIsVisible = 0;
			defaultConfigurationName = Release;
		};
/* End XCConfigurationList section */
	};
	rootObject = D61371842423FDB1005D39AC /* Project object */;
}
